
Microsoft Visual Studio Solution File, Format Version 12.00
# Visual Studio Version 16
VisualStudioVersion = 16.0.29613.14
MinimumVisualStudioVersion = 10.0.40219.1
Project("{FAE04EC0-301F-11D3-BF4B-00C04F79EFBC}") = "GuidesDemo", "GuidesDemo\GuidesDemo.csproj", "{24593D2F-CE00-476F-9383-44FFCCBE8639}"
EndProject
Global
	GlobalSection(SolutionConfigurationPlatforms) = preSolution
		Debug|Any CPU = Debug|Any CPU
		Release|Any CPU = Release|Any CPU
	EndGlobalSection
	GlobalSection(ProjectConfigurationPlatforms) = postSolution
		{24593D2F-CE00-476F-9383-44FFCCBE8639}.Debug|Any CPU.ActiveCfg = Debug|Any CPU
		{24593D2F-CE00-476F-9383-44FFCCBE8639}.Debug|Any CPU.Build.0 = Debug|Any CPU
		{24593D2F-CE00-476F-9383-44FFCCBE8639}.Release|Any CPU.ActiveCfg = Release|Any CPU
		{24593D2F-CE00-476F-9383-44FFCCBE8639}.Release|Any CPU.Build.0 = Release|Any CPU
	EndGlobalSection
	GlobalSection(SolutionProperties) = preSolution
		HideSolutionNode = FALSE
	EndGlobalSection
	GlobalSection(ExtensibilityGlobals) = postSolution
		SolutionGuid = {EC581179-E119-4277-8021-BBE1CA6F89C3}
	EndGlobalSection
EndGlobal
